
Microsoft Visual Studio Solution File, Format Version 12.00
# Visual Studio Version 17
VisualStudioVersion = 17.9.34728.123
MinimumVisualStudioVersion = 10.0.40219.1
Project("{8BC9CEB8-8B4A-11D0-8D11-00A0C91BC942}") = "binder_wrapper_client_test", "projects\binder_wrapper_client_test\binder_wrapper_client_test.vcxproj", "{55581FFD-1662-4784-8D29-AFFA96DE7EEB}"
EndProject
Project("{8BC9CEB8-8B4A-11D0-8D11-00A0C91BC942}") = "HelloBinerClient", "projects\HelloBinerClient\HelloBinerClient.vcxproj", "{A12683C7-E11A-47B7-84E6-E4317FD7EEEB}"
EndProject
Project("{8BC9CEB8-8B4A-11D0-8D11-00A0C91BC942}") = "BinderDemoClient", "projects\BinderDemoClient\BinderDemoClient.vcxproj", "{40732696-3F02-4BCA-B6AD-8B6CE3B4D837}"
EndProject
Project("{8BC9CEB8-8B4A-11D0-8D11-00A0C91BC942}") = "hidl_demo_client", "projects\HidlDemo\hidl_demo_client\hidl_demo_client.vcxproj", "{B1143B4B-D587-47BA-9688-BFDB91D65001}"
EndProject
Project("{8BC9CEB8-8B4A-11D0-8D11-00A0C91BC942}") = "android.hardware.bluetooth-client", "projects\android.hardware.bluetooth-client\android.hardware.bluetooth-client.vcxproj", "{05A9340B-7C36-43A1-99C2-1801B4EA3702}"
EndProject
Project("{8BC9CEB8-8B4A-11D0-8D11-00A0C91BC942}") = "FmqWriter", "projects\FmqWriter\FmqWriter.vcxproj", "{608F36DB-921D-4DF6-A19B-E420A099B726}"
EndProject
Project("{8BC9CEB8-8B4A-11D0-8D11-00A0C91BC942}") = "AidlWithDifferentCallbackClient", "projects\AidlWithDifferentCallbackClient\AidlWithDifferentCallbackClient.vcxproj", "{3549E10A-573A-46CA-AFB9-253F4CA105A1}"
EndProject
Global
	GlobalSection(SolutionConfigurationPlatforms) = preSolution
		Debug|x64 = Debug|x64
		Debug|x86 = Debug|x86
		Release|x64 = Release|x64
		Release|x86 = Release|x86
	EndGlobalSection
	GlobalSection(ProjectConfigurationPlatforms) = postSolution
		{55581FFD-1662-4784-8D29-AFFA96DE7EEB}.Debug|x64.ActiveCfg = Debug|x64
		{55581FFD-1662-4784-8D29-AFFA96DE7EEB}.Debug|x64.Build.0 = Debug|x64
		{55581FFD-1662-4784-8D29-AFFA96DE7EEB}.Debug|x86.ActiveCfg = Debug|Win32
		{55581FFD-1662-4784-8D29-AFFA96DE7EEB}.Debug|x86.Build.0 = Debug|Win32
		{55581FFD-1662-4784-8D29-AFFA96DE7EEB}.Release|x64.ActiveCfg = Release|x64
		{55581FFD-1662-4784-8D29-AFFA96DE7EEB}.Release|x64.Build.0 = Release|x64
		{55581FFD-1662-4784-8D29-AFFA96DE7EEB}.Release|x86.ActiveCfg = Release|Win32
		{55581FFD-1662-4784-8D29-AFFA96DE7EEB}.Release|x86.Build.0 = Release|Win32
		{A12683C7-E11A-47B7-84E6-E4317FD7EEEB}.Debug|x64.ActiveCfg = Debug|x64
		{A12683C7-E11A-47B7-84E6-E4317FD7EEEB}.Debug|x64.Build.0 = Debug|x64
		{A12683C7-E11A-47B7-84E6-E4317FD7EEEB}.Debug|x86.ActiveCfg = Debug|Win32
		{A12683C7-E11A-47B7-84E6-E4317FD7EEEB}.Debug|x86.Build.0 = Debug|Win32
		{A12683C7-E11A-47B7-84E6-E4317FD7EEEB}.Release|x64.ActiveCfg = Release|x64
		{A12683C7-E11A-47B7-84E6-E4317FD7EEEB}.Release|x64.Build.0 = Release|x64
		{A12683C7-E11A-47B7-84E6-E4317FD7EEEB}.Release|x86.ActiveCfg = Release|Win32
		{A12683C7-E11A-47B7-84E6-E4317FD7EEEB}.Release|x86.Build.0 = Release|Win32
		{40732696-3F02-4BCA-B6AD-8B6CE3B4D837}.Debug|x64.ActiveCfg = Debug|x64
		{40732696-3F02-4BCA-B6AD-8B6CE3B4D837}.Debug|x64.Build.0 = Debug|x64
		{40732696-3F02-4BCA-B6AD-8B6CE3B4D837}.Debug|x86.ActiveCfg = Debug|Win32
		{40732696-3F02-4BCA-B6AD-8B6CE3B4D837}.Debug|x86.Build.0 = Debug|Win32
		{40732696-3F02-4BCA-B6AD-8B6CE3B4D837}.Release|x64.ActiveCfg = Release|x64
		{40732696-3F02-4BCA-B6AD-8B6CE3B4D837}.Release|x64.Build.0 = Release|x64
		{40732696-3F02-4BCA-B6AD-8B6CE3B4D837}.Release|x86.ActiveCfg = Release|Win32
		{40732696-3F02-4BCA-B6AD-8B6CE3B4D837}.Release|x86.Build.0 = Release|Win32
		{B1143B4B-D587-47BA-9688-BFDB91D65001}.Debug|x64.ActiveCfg = Debug|x64
		{B1143B4B-D587-47BA-9688-BFDB91D65001}.Debug|x64.Build.0 = Debug|x64
		{B1143B4B-D587-47BA-9688-BFDB91D65001}.Debug|x86.ActiveCfg = Debug|Win32
		{B1143B4B-D587-47BA-9688-BFDB91D65001}.Debug|x86.Build.0 = Debug|Win32
		{B1143B4B-D587-47BA-9688-BFDB91D65001}.Release|x64.ActiveCfg = Release|x64
		{B1143B4B-D587-47BA-9688-BFDB91D65001}.Release|x64.Build.0 = Release|x64
		{B1143B4B-D587-47BA-9688-BFDB91D65001}.Release|x86.ActiveCfg = Release|Win32
		{B1143B4B-D587-47BA-9688-BFDB91D65001}.Release|x86.Build.0 = Release|Win32
		{05A9340B-7C36-43A1-99C2-1801B4EA3702}.Debug|x64.ActiveCfg = Debug|x64
		{05A9340B-7C36-43A1-99C2-1801B4EA3702}.Debug|x64.Build.0 = Debug|x64
		{05A9340B-7C36-43A1-99C2-1801B4EA3702}.Debug|x86.ActiveCfg = Debug|Win32
		{05A9340B-7C36-43A1-99C2-1801B4EA3702}.Debug|x86.Build.0 = Debug|Win32
		{05A9340B-7C36-43A1-99C2-1801B4EA3702}.Release|x64.ActiveCfg = Release|x64
		{05A9340B-7C36-43A1-99C2-1801B4EA3702}.Release|x64.Build.0 = Release|x64
		{05A9340B-7C36-43A1-99C2-1801B4EA3702}.Release|x86.ActiveCfg = Release|Win32
		{05A9340B-7C36-43A1-99C2-1801B4EA3702}.Release|x86.Build.0 = Release|Win32
		{608F36DB-921D-4DF6-A19B-E420A099B726}.Debug|x64.ActiveCfg = Debug|x64
		{608F36DB-921D-4DF6-A19B-E420A099B726}.Debug|x64.Build.0 = Debug|x64
		{608F36DB-921D-4DF6-A19B-E420A099B726}.Debug|x86.ActiveCfg = Debug|Win32
		{608F36DB-921D-4DF6-A19B-E420A099B726}.Debug|x86.Build.0 = Debug|Win32
		{608F36DB-921D-4DF6-A19B-E420A099B726}.Release|x64.ActiveCfg = Release|x64
		{608F36DB-921D-4DF6-A19B-E420A099B726}.Release|x64.Build.0 = Release|x64
		{608F36DB-921D-4DF6-A19B-E420A099B726}.Release|x86.ActiveCfg = Release|Win32
		{608F36DB-921D-4DF6-A19B-E420A099B726}.Release|x86.Build.0 = Release|Win32
		{3549E10A-573A-46CA-AFB9-253F4CA105A1}.Debug|x64.ActiveCfg = Debug|x64
		{3549E10A-573A-46CA-AFB9-253F4CA105A1}.Debug|x64.Build.0 = Debug|x64
		{3549E10A-573A-46CA-AFB9-253F4CA105A1}.Debug|x86.ActiveCfg = Debug|Win32
		{3549E10A-573A-46CA-AFB9-253F4CA105A1}.Debug|x86.Build.0 = Debug|Win32
		{3549E10A-573A-46CA-AFB9-253F4CA105A1}.Release|x64.ActiveCfg = Release|x64
		{3549E10A-573A-46CA-AFB9-253F4CA105A1}.Release|x64.Build.0 = Release|x64
		{3549E10A-573A-46CA-AFB9-253F4CA105A1}.Release|x86.ActiveCfg = Release|Win32
		{3549E10A-573A-46CA-AFB9-253F4CA105A1}.Release|x86.Build.0 = Release|Win32
	EndGlobalSection
	GlobalSection(SolutionProperties) = preSolution
		HideSolutionNode = FALSE
	EndGlobalSection
	GlobalSection(ExtensibilityGlobals) = postSolution
		SolutionGuid = {8862FE1B-916F-4136-B5A4-F3EB0C01A7B8}
	EndGlobalSection
EndGlobal
