<?xml version="1.0" encoding="utf-8"?>
<Project ToolsVersion="4.0" xmlns="http://schemas.microsoft.com/developer/msbuild/2003">
  <ItemGroup>
    <Filter Include="资源文件">
      <UniqueIdentifier>{67DA6AB6-F800-4c08-8B7A-83BB121AAD01}</UniqueIdentifier>
      <Extensions>rc;ico;cur;bmp;dlg;rc2;rct;bin;rgs;gif;jpg;jpeg;jpe;resx;tiff;tif;png;wav;mfcribbon-ms</Extensions>
    </Filter>
    <Filter Include="source">
      <UniqueIdentifier>{4FC737F1-C7A5-4376-A066-2A32D752A2FF}</UniqueIdentifier>
      <Extensions>cpp;c;cc;cxx;c++;cppm;ixx;def;odl;idl;hpj;bat;asm;asmx</Extensions>
    </Filter>
    <Filter Include="header">
      <UniqueIdentifier>{93995380-89BD-4b04-88EB-625FBE52EBFB}</UniqueIdentifier>
      <Extensions>h;hh;hpp;hxx;h++;hm;inl;inc;ipp;xsd</Extensions>
    </Filter>
  </ItemGroup>
  <ItemGroup>
    <ClCompile Include="..\..\generated_files\android.hardware.bluetooth.audio-V5-ndk\aidl\android\hardware\bluetooth\audio\A2dpConfiguration.cpp">
      <Filter>source</Filter>
    </ClCompile>
    <ClCompile Include="..\..\generated_files\android.hardware.bluetooth.audio-V5-ndk\aidl\android\hardware\bluetooth\audio\A2dpConfigurationHint.cpp">
      <Filter>source</Filter>
    </ClCompile>
    <ClCompile Include="..\..\generated_files\android.hardware.bluetooth.audio-V5-ndk\aidl\android\hardware\bluetooth\audio\A2dpRemoteCapabilities.cpp">
      <Filter>source</Filter>
    </ClCompile>
    <ClCompile Include="..\..\generated_files\android.hardware.bluetooth.audio-V5-ndk\aidl\android\hardware\bluetooth\audio\A2dpStreamConfiguration.cpp">
      <Filter>source</Filter>
    </ClCompile>
    <ClCompile Include="..\..\generated_files\android.hardware.bluetooth.audio-V5-ndk\aidl\android\hardware\bluetooth\audio\AacCapabilities.cpp">
      <Filter>source</Filter>
    </ClCompile>
    <ClCompile Include="..\..\generated_files\android.hardware.bluetooth.audio-V5-ndk\aidl\android\hardware\bluetooth\audio\AacConfiguration.cpp">
      <Filter>source</Filter>
    </ClCompile>
    <ClCompile Include="..\..\generated_files\android.hardware.bluetooth.audio-V5-ndk\aidl\android\hardware\bluetooth\audio\AptxAdaptiveCapabilities.cpp">
      <Filter>source</Filter>
    </ClCompile>
    <ClCompile Include="..\..\generated_files\android.hardware.bluetooth.audio-V5-ndk\aidl\android\hardware\bluetooth\audio\AptxAdaptiveConfiguration.cpp">
      <Filter>source</Filter>
    </ClCompile>
    <ClCompile Include="..\..\generated_files\android.hardware.bluetooth.audio-V5-ndk\aidl\android\hardware\bluetooth\audio\AptxAdaptiveLeCapabilities.cpp">
      <Filter>source</Filter>
    </ClCompile>
    <ClCompile Include="..\..\generated_files\android.hardware.bluetooth.audio-V5-ndk\aidl\android\hardware\bluetooth\audio\AptxAdaptiveLeConfiguration.cpp">
      <Filter>source</Filter>
    </ClCompile>
    <ClCompile Include="..\..\generated_files\android.hardware.bluetooth.audio-V5-ndk\aidl\android\hardware\bluetooth\audio\AptxAdaptiveTimeToPlay.cpp">
      <Filter>source</Filter>
    </ClCompile>
    <ClCompile Include="..\..\generated_files\android.hardware.bluetooth.audio-V5-ndk\aidl\android\hardware\bluetooth\audio\AptxCapabilities.cpp">
      <Filter>source</Filter>
    </ClCompile>
    <ClCompile Include="..\..\generated_files\android.hardware.bluetooth.audio-V5-ndk\aidl\android\hardware\bluetooth\audio\AptxConfiguration.cpp">
      <Filter>source</Filter>
    </ClCompile>
    <ClCompile Include="..\..\generated_files\android.hardware.bluetooth.audio-V5-ndk\aidl\android\hardware\bluetooth\audio\AptxSinkBuffering.cpp">
      <Filter>source</Filter>
    </ClCompile>
    <ClCompile Include="..\..\generated_files\android.hardware.bluetooth.audio-V5-ndk\aidl\android\hardware\bluetooth\audio\AudioCapabilities.cpp">
      <Filter>source</Filter>
    </ClCompile>
    <ClCompile Include="..\..\generated_files\android.hardware.bluetooth.audio-V5-ndk\aidl\android\hardware\bluetooth\audio\AudioConfiguration.cpp">
      <Filter>source</Filter>
    </ClCompile>
    <ClCompile Include="..\..\generated_files\android.hardware.bluetooth.audio-V5-ndk\aidl\android\hardware\bluetooth\audio\AudioContext.cpp">
      <Filter>source</Filter>
    </ClCompile>
    <ClCompile Include="..\..\generated_files\android.hardware.bluetooth.audio-V5-ndk\aidl\android\hardware\bluetooth\audio\BroadcastCapability.cpp">
      <Filter>source</Filter>
    </ClCompile>
    <ClCompile Include="..\..\generated_files\android.hardware.bluetooth.audio-V5-ndk\aidl\android\hardware\bluetooth\audio\CodecCapabilities.cpp">
      <Filter>source</Filter>
    </ClCompile>
    <ClCompile Include="..\..\generated_files\android.hardware.bluetooth.audio-V5-ndk\aidl\android\hardware\bluetooth\audio\CodecConfiguration.cpp">
      <Filter>source</Filter>
    </ClCompile>
    <ClCompile Include="..\..\generated_files\android.hardware.bluetooth.audio-V5-ndk\aidl\android\hardware\bluetooth\audio\CodecId.cpp">
      <Filter>source</Filter>
    </ClCompile>
    <ClCompile Include="..\..\generated_files\android.hardware.bluetooth.audio-V5-ndk\aidl\android\hardware\bluetooth\audio\CodecInfo.cpp">
      <Filter>source</Filter>
    </ClCompile>
    <ClCompile Include="..\..\generated_files\android.hardware.bluetooth.audio-V5-ndk\aidl\android\hardware\bluetooth\audio\CodecParameters.cpp">
      <Filter>source</Filter>
    </ClCompile>
    <ClCompile Include="..\..\generated_files\android.hardware.bluetooth.audio-V5-ndk\aidl\android\hardware\bluetooth\audio\CodecSpecificCapabilitiesLtv.cpp">
      <Filter>source</Filter>
    </ClCompile>
    <ClCompile Include="..\..\generated_files\android.hardware.bluetooth.audio-V5-ndk\aidl\android\hardware\bluetooth\audio\CodecSpecificConfigurationLtv.cpp">
      <Filter>source</Filter>
    </ClCompile>
    <ClCompile Include="..\..\generated_files\android.hardware.bluetooth.audio-V5-ndk\aidl\android\hardware\bluetooth\audio\ConfigurationFlags.cpp">
      <Filter>source</Filter>
    </ClCompile>
    <ClCompile Include="..\..\generated_files\android.hardware.bluetooth.audio-V5-ndk\aidl\android\hardware\bluetooth\audio\HfpConfiguration.cpp">
      <Filter>source</Filter>
    </ClCompile>
    <ClCompile Include="..\..\generated_files\android.hardware.bluetooth.audio-V5-ndk\aidl\android\hardware\bluetooth\audio\IBluetoothAudioPort.cpp">
      <Filter>source</Filter>
    </ClCompile>
    <ClCompile Include="..\..\generated_files\android.hardware.bluetooth.audio-V5-ndk\aidl\android\hardware\bluetooth\audio\IBluetoothAudioProvider.cpp">
      <Filter>source</Filter>
    </ClCompile>
    <ClCompile Include="..\..\generated_files\android.hardware.bluetooth.audio-V5-ndk\aidl\android\hardware\bluetooth\audio\IBluetoothAudioProviderFactory.cpp">
      <Filter>source</Filter>
    </ClCompile>
    <ClCompile Include="..\..\generated_files\android.hardware.bluetooth.audio-V5-ndk\aidl\android\hardware\bluetooth\audio\Lc3Capabilities.cpp">
      <Filter>source</Filter>
    </ClCompile>
    <ClCompile Include="..\..\generated_files\android.hardware.bluetooth.audio-V5-ndk\aidl\android\hardware\bluetooth\audio\Lc3Configuration.cpp">
      <Filter>source</Filter>
    </ClCompile>
    <ClCompile Include="..\..\generated_files\android.hardware.bluetooth.audio-V5-ndk\aidl\android\hardware\bluetooth\audio\LdacCapabilities.cpp">
      <Filter>source</Filter>
    </ClCompile>
    <ClCompile Include="..\..\generated_files\android.hardware.bluetooth.audio-V5-ndk\aidl\android\hardware\bluetooth\audio\LdacConfiguration.cpp">
      <Filter>source</Filter>
    </ClCompile>
    <ClCompile Include="..\..\generated_files\android.hardware.bluetooth.audio-V5-ndk\aidl\android\hardware\bluetooth\audio\LeAudioAseConfiguration.cpp">
      <Filter>source</Filter>
    </ClCompile>
    <ClCompile Include="..\..\generated_files\android.hardware.bluetooth.audio-V5-ndk\aidl\android\hardware\bluetooth\audio\LeAudioBisConfiguration.cpp">
      <Filter>source</Filter>
    </ClCompile>
    <ClCompile Include="..\..\generated_files\android.hardware.bluetooth.audio-V5-ndk\aidl\android\hardware\bluetooth\audio\LeAudioBroadcastConfiguration.cpp">
      <Filter>source</Filter>
    </ClCompile>
    <ClCompile Include="..\..\generated_files\android.hardware.bluetooth.audio-V5-ndk\aidl\android\hardware\bluetooth\audio\LeAudioCodecCapabilitiesSetting.cpp">
      <Filter>source</Filter>
    </ClCompile>
    <ClCompile Include="..\..\generated_files\android.hardware.bluetooth.audio-V5-ndk\aidl\android\hardware\bluetooth\audio\LeAudioCodecConfiguration.cpp">
      <Filter>source</Filter>
    </ClCompile>
    <ClCompile Include="..\..\generated_files\android.hardware.bluetooth.audio-V5-ndk\aidl\android\hardware\bluetooth\audio\LeAudioConfiguration.cpp">
      <Filter>source</Filter>
    </ClCompile>
    <ClCompile Include="..\..\generated_files\android.hardware.bluetooth.audio-V5-ndk\aidl\android\hardware\bluetooth\audio\MetadataLtv.cpp">
      <Filter>source</Filter>
    </ClCompile>
    <ClCompile Include="..\..\generated_files\android.hardware.bluetooth.audio-V5-ndk\aidl\android\hardware\bluetooth\audio\OpusCapabilities.cpp">
      <Filter>source</Filter>
    </ClCompile>
    <ClCompile Include="..\..\generated_files\android.hardware.bluetooth.audio-V5-ndk\aidl\android\hardware\bluetooth\audio\OpusConfiguration.cpp">
      <Filter>source</Filter>
    </ClCompile>
    <ClCompile Include="..\..\generated_files\android.hardware.bluetooth.audio-V5-ndk\aidl\android\hardware\bluetooth\audio\PcmCapabilities.cpp">
      <Filter>source</Filter>
    </ClCompile>
    <ClCompile Include="..\..\generated_files\android.hardware.bluetooth.audio-V5-ndk\aidl\android\hardware\bluetooth\audio\PcmConfiguration.cpp">
      <Filter>source</Filter>
    </ClCompile>
    <ClCompile Include="..\..\generated_files\android.hardware.bluetooth.audio-V5-ndk\aidl\android\hardware\bluetooth\audio\PresentationPosition.cpp">
      <Filter>source</Filter>
    </ClCompile>
    <ClCompile Include="..\..\generated_files\android.hardware.bluetooth.audio-V5-ndk\aidl\android\hardware\bluetooth\audio\SbcCapabilities.cpp">
      <Filter>source</Filter>
    </ClCompile>
    <ClCompile Include="..\..\generated_files\android.hardware.bluetooth.audio-V5-ndk\aidl\android\hardware\bluetooth\audio\SbcConfiguration.cpp">
      <Filter>source</Filter>
    </ClCompile>
    <ClCompile Include="..\..\generated_files\android.hardware.bluetooth.audio-V5-ndk\aidl\android\hardware\bluetooth\audio\UnicastCapability.cpp">
      <Filter>source</Filter>
    </ClCompile>
  </ItemGroup>
  <ItemGroup>
    <ClInclude Include="..\..\generated_files\android.hardware.bluetooth.audio-V5-ndk\aidl\android\hardware\bluetooth\audio\A2dpConfiguration.h">
      <Filter>header</Filter>
    </ClInclude>
    <ClInclude Include="..\..\generated_files\android.hardware.bluetooth.audio-V5-ndk\aidl\android\hardware\bluetooth\audio\A2dpConfigurationHint.h">
      <Filter>header</Filter>
    </ClInclude>
    <ClInclude Include="..\..\generated_files\android.hardware.bluetooth.audio-V5-ndk\aidl\android\hardware\bluetooth\audio\A2dpRemoteCapabilities.h">
      <Filter>header</Filter>
    </ClInclude>
    <ClInclude Include="..\..\generated_files\android.hardware.bluetooth.audio-V5-ndk\aidl\android\hardware\bluetooth\audio\A2dpStatus.h">
      <Filter>header</Filter>
    </ClInclude>
    <ClInclude Include="..\..\generated_files\android.hardware.bluetooth.audio-V5-ndk\aidl\android\hardware\bluetooth\audio\A2dpStreamConfiguration.h">
      <Filter>header</Filter>
    </ClInclude>
    <ClInclude Include="..\..\generated_files\android.hardware.bluetooth.audio-V5-ndk\aidl\android\hardware\bluetooth\audio\AacCapabilities.h">
      <Filter>header</Filter>
    </ClInclude>
    <ClInclude Include="..\..\generated_files\android.hardware.bluetooth.audio-V5-ndk\aidl\android\hardware\bluetooth\audio\AacConfiguration.h">
      <Filter>header</Filter>
    </ClInclude>
    <ClInclude Include="..\..\generated_files\android.hardware.bluetooth.audio-V5-ndk\aidl\android\hardware\bluetooth\audio\AacObjectType.h">
      <Filter>header</Filter>
    </ClInclude>
    <ClInclude Include="..\..\generated_files\android.hardware.bluetooth.audio-V5-ndk\aidl\android\hardware\bluetooth\audio\AptxAdaptiveCapabilities.h">
      <Filter>header</Filter>
    </ClInclude>
    <ClInclude Include="..\..\generated_files\android.hardware.bluetooth.audio-V5-ndk\aidl\android\hardware\bluetooth\audio\AptxAdaptiveChannelMode.h">
      <Filter>header</Filter>
    </ClInclude>
    <ClInclude Include="..\..\generated_files\android.hardware.bluetooth.audio-V5-ndk\aidl\android\hardware\bluetooth\audio\AptxAdaptiveConfiguration.h">
      <Filter>header</Filter>
    </ClInclude>
    <ClInclude Include="..\..\generated_files\android.hardware.bluetooth.audio-V5-ndk\aidl\android\hardware\bluetooth\audio\AptxAdaptiveInputMode.h">
      <Filter>header</Filter>
    </ClInclude>
    <ClInclude Include="..\..\generated_files\android.hardware.bluetooth.audio-V5-ndk\aidl\android\hardware\bluetooth\audio\AptxAdaptiveLeCapabilities.h">
      <Filter>header</Filter>
    </ClInclude>
    <ClInclude Include="..\..\generated_files\android.hardware.bluetooth.audio-V5-ndk\aidl\android\hardware\bluetooth\audio\AptxAdaptiveLeConfiguration.h">
      <Filter>header</Filter>
    </ClInclude>
    <ClInclude Include="..\..\generated_files\android.hardware.bluetooth.audio-V5-ndk\aidl\android\hardware\bluetooth\audio\AptxAdaptiveTimeToPlay.h">
      <Filter>header</Filter>
    </ClInclude>
    <ClInclude Include="..\..\generated_files\android.hardware.bluetooth.audio-V5-ndk\aidl\android\hardware\bluetooth\audio\AptxCapabilities.h">
      <Filter>header</Filter>
    </ClInclude>
    <ClInclude Include="..\..\generated_files\android.hardware.bluetooth.audio-V5-ndk\aidl\android\hardware\bluetooth\audio\AptxConfiguration.h">
      <Filter>header</Filter>
    </ClInclude>
    <ClInclude Include="..\..\generated_files\android.hardware.bluetooth.audio-V5-ndk\aidl\android\hardware\bluetooth\audio\AptxMode.h">
      <Filter>header</Filter>
    </ClInclude>
    <ClInclude Include="..\..\generated_files\android.hardware.bluetooth.audio-V5-ndk\aidl\android\hardware\bluetooth\audio\AptxSinkBuffering.h">
      <Filter>header</Filter>
    </ClInclude>
    <ClInclude Include="..\..\generated_files\android.hardware.bluetooth.audio-V5-ndk\aidl\android\hardware\bluetooth\audio\AudioCapabilities.h">
      <Filter>header</Filter>
    </ClInclude>
    <ClInclude Include="..\..\generated_files\android.hardware.bluetooth.audio-V5-ndk\aidl\android\hardware\bluetooth\audio\AudioConfiguration.h">
      <Filter>header</Filter>
    </ClInclude>
    <ClInclude Include="..\..\generated_files\android.hardware.bluetooth.audio-V5-ndk\aidl\android\hardware\bluetooth\audio\AudioContext.h">
      <Filter>header</Filter>
    </ClInclude>
    <ClInclude Include="..\..\generated_files\android.hardware.bluetooth.audio-V5-ndk\aidl\android\hardware\bluetooth\audio\AudioLocation.h">
      <Filter>header</Filter>
    </ClInclude>
    <ClInclude Include="..\..\generated_files\android.hardware.bluetooth.audio-V5-ndk\aidl\android\hardware\bluetooth\audio\BluetoothAudioStatus.h">
      <Filter>header</Filter>
    </ClInclude>
    <ClInclude Include="..\..\generated_files\android.hardware.bluetooth.audio-V5-ndk\aidl\android\hardware\bluetooth\audio\BnBluetoothAudioPort.h">
      <Filter>header</Filter>
    </ClInclude>
    <ClInclude Include="..\..\generated_files\android.hardware.bluetooth.audio-V5-ndk\aidl\android\hardware\bluetooth\audio\BnBluetoothAudioProvider.h">
      <Filter>header</Filter>
    </ClInclude>
    <ClInclude Include="..\..\generated_files\android.hardware.bluetooth.audio-V5-ndk\aidl\android\hardware\bluetooth\audio\BnBluetoothAudioProviderFactory.h">
      <Filter>header</Filter>
    </ClInclude>
    <ClInclude Include="..\..\generated_files\android.hardware.bluetooth.audio-V5-ndk\aidl\android\hardware\bluetooth\audio\BpBluetoothAudioPort.h">
      <Filter>header</Filter>
    </ClInclude>
    <ClInclude Include="..\..\generated_files\android.hardware.bluetooth.audio-V5-ndk\aidl\android\hardware\bluetooth\audio\BpBluetoothAudioProvider.h">
      <Filter>header</Filter>
    </ClInclude>
    <ClInclude Include="..\..\generated_files\android.hardware.bluetooth.audio-V5-ndk\aidl\android\hardware\bluetooth\audio\BpBluetoothAudioProviderFactory.h">
      <Filter>header</Filter>
    </ClInclude>
    <ClInclude Include="..\..\generated_files\android.hardware.bluetooth.audio-V5-ndk\aidl\android\hardware\bluetooth\audio\BroadcastCapability.h">
      <Filter>header</Filter>
    </ClInclude>
    <ClInclude Include="..\..\generated_files\android.hardware.bluetooth.audio-V5-ndk\aidl\android\hardware\bluetooth\audio\ChannelMode.h">
      <Filter>header</Filter>
    </ClInclude>
    <ClInclude Include="..\..\generated_files\android.hardware.bluetooth.audio-V5-ndk\aidl\android\hardware\bluetooth\audio\CodecCapabilities.h">
      <Filter>header</Filter>
    </ClInclude>
    <ClInclude Include="..\..\generated_files\android.hardware.bluetooth.audio-V5-ndk\aidl\android\hardware\bluetooth\audio\CodecConfiguration.h">
      <Filter>header</Filter>
    </ClInclude>
    <ClInclude Include="..\..\generated_files\android.hardware.bluetooth.audio-V5-ndk\aidl\android\hardware\bluetooth\audio\CodecId.h">
      <Filter>header</Filter>
    </ClInclude>
    <ClInclude Include="..\..\generated_files\android.hardware.bluetooth.audio-V5-ndk\aidl\android\hardware\bluetooth\audio\CodecInfo.h">
      <Filter>header</Filter>
    </ClInclude>
    <ClInclude Include="..\..\generated_files\android.hardware.bluetooth.audio-V5-ndk\aidl\android\hardware\bluetooth\audio\CodecParameters.h">
      <Filter>header</Filter>
    </ClInclude>
    <ClInclude Include="..\..\generated_files\android.hardware.bluetooth.audio-V5-ndk\aidl\android\hardware\bluetooth\audio\CodecSpecificCapabilitiesLtv.h">
      <Filter>header</Filter>
    </ClInclude>
    <ClInclude Include="..\..\generated_files\android.hardware.bluetooth.audio-V5-ndk\aidl\android\hardware\bluetooth\audio\CodecSpecificConfigurationLtv.h">
      <Filter>header</Filter>
    </ClInclude>
    <ClInclude Include="..\..\generated_files\android.hardware.bluetooth.audio-V5-ndk\aidl\android\hardware\bluetooth\audio\CodecType.h">
      <Filter>header</Filter>
    </ClInclude>
    <ClInclude Include="..\..\generated_files\android.hardware.bluetooth.audio-V5-ndk\aidl\android\hardware\bluetooth\audio\ConfigurationFlags.h">
      <Filter>header</Filter>
    </ClInclude>
    <ClInclude Include="..\..\generated_files\android.hardware.bluetooth.audio-V5-ndk\aidl\android\hardware\bluetooth\audio\HfpConfiguration.h">
      <Filter>header</Filter>
    </ClInclude>
    <ClInclude Include="..\..\generated_files\android.hardware.bluetooth.audio-V5-ndk\aidl\android\hardware\bluetooth\audio\IBluetoothAudioPort.h">
      <Filter>header</Filter>
    </ClInclude>
    <ClInclude Include="..\..\generated_files\android.hardware.bluetooth.audio-V5-ndk\aidl\android\hardware\bluetooth\audio\IBluetoothAudioProvider.h">
      <Filter>header</Filter>
    </ClInclude>
    <ClInclude Include="..\..\generated_files\android.hardware.bluetooth.audio-V5-ndk\aidl\android\hardware\bluetooth\audio\IBluetoothAudioProviderFactory.h">
      <Filter>header</Filter>
    </ClInclude>
    <ClInclude Include="..\..\generated_files\android.hardware.bluetooth.audio-V5-ndk\aidl\android\hardware\bluetooth\audio\LatencyMode.h">
      <Filter>header</Filter>
    </ClInclude>
    <ClInclude Include="..\..\generated_files\android.hardware.bluetooth.audio-V5-ndk\aidl\android\hardware\bluetooth\audio\Lc3Capabilities.h">
      <Filter>header</Filter>
    </ClInclude>
    <ClInclude Include="..\..\generated_files\android.hardware.bluetooth.audio-V5-ndk\aidl\android\hardware\bluetooth\audio\Lc3Configuration.h">
      <Filter>header</Filter>
    </ClInclude>
    <ClInclude Include="..\..\generated_files\android.hardware.bluetooth.audio-V5-ndk\aidl\android\hardware\bluetooth\audio\LdacCapabilities.h">
      <Filter>header</Filter>
    </ClInclude>
    <ClInclude Include="..\..\generated_files\android.hardware.bluetooth.audio-V5-ndk\aidl\android\hardware\bluetooth\audio\LdacChannelMode.h">
      <Filter>header</Filter>
    </ClInclude>
    <ClInclude Include="..\..\generated_files\android.hardware.bluetooth.audio-V5-ndk\aidl\android\hardware\bluetooth\audio\LdacConfiguration.h">
      <Filter>header</Filter>
    </ClInclude>
    <ClInclude Include="..\..\generated_files\android.hardware.bluetooth.audio-V5-ndk\aidl\android\hardware\bluetooth\audio\LdacQualityIndex.h">
      <Filter>header</Filter>
    </ClInclude>
    <ClInclude Include="..\..\generated_files\android.hardware.bluetooth.audio-V5-ndk\aidl\android\hardware\bluetooth\audio\LeAudioAseConfiguration.h">
      <Filter>header</Filter>
    </ClInclude>
    <ClInclude Include="..\..\generated_files\android.hardware.bluetooth.audio-V5-ndk\aidl\android\hardware\bluetooth\audio\LeAudioBisConfiguration.h">
      <Filter>header</Filter>
    </ClInclude>
    <ClInclude Include="..\..\generated_files\android.hardware.bluetooth.audio-V5-ndk\aidl\android\hardware\bluetooth\audio\LeAudioBroadcastConfiguration.h">
      <Filter>header</Filter>
    </ClInclude>
    <ClInclude Include="..\..\generated_files\android.hardware.bluetooth.audio-V5-ndk\aidl\android\hardware\bluetooth\audio\LeAudioCodecCapabilitiesSetting.h">
      <Filter>header</Filter>
    </ClInclude>
    <ClInclude Include="..\..\generated_files\android.hardware.bluetooth.audio-V5-ndk\aidl\android\hardware\bluetooth\audio\LeAudioCodecConfiguration.h">
      <Filter>header</Filter>
    </ClInclude>
    <ClInclude Include="..\..\generated_files\android.hardware.bluetooth.audio-V5-ndk\aidl\android\hardware\bluetooth\audio\LeAudioConfiguration.h">
      <Filter>header</Filter>
    </ClInclude>
    <ClInclude Include="..\..\generated_files\android.hardware.bluetooth.audio-V5-ndk\aidl\android\hardware\bluetooth\audio\MetadataLtv.h">
      <Filter>header</Filter>
    </ClInclude>
    <ClInclude Include="..\..\generated_files\android.hardware.bluetooth.audio-V5-ndk\aidl\android\hardware\bluetooth\audio\OpusCapabilities.h">
      <Filter>header</Filter>
    </ClInclude>
    <ClInclude Include="..\..\generated_files\android.hardware.bluetooth.audio-V5-ndk\aidl\android\hardware\bluetooth\audio\OpusConfiguration.h">
      <Filter>header</Filter>
    </ClInclude>
    <ClInclude Include="..\..\generated_files\android.hardware.bluetooth.audio-V5-ndk\aidl\android\hardware\bluetooth\audio\PcmCapabilities.h">
      <Filter>header</Filter>
    </ClInclude>
    <ClInclude Include="..\..\generated_files\android.hardware.bluetooth.audio-V5-ndk\aidl\android\hardware\bluetooth\audio\PcmConfiguration.h">
      <Filter>header</Filter>
    </ClInclude>
    <ClInclude Include="..\..\generated_files\android.hardware.bluetooth.audio-V5-ndk\aidl\android\hardware\bluetooth\audio\Phy.h">
      <Filter>header</Filter>
    </ClInclude>
    <ClInclude Include="..\..\generated_files\android.hardware.bluetooth.audio-V5-ndk\aidl\android\hardware\bluetooth\audio\PresentationPosition.h">
      <Filter>header</Filter>
    </ClInclude>
    <ClInclude Include="..\..\generated_files\android.hardware.bluetooth.audio-V5-ndk\aidl\android\hardware\bluetooth\audio\SbcAllocMethod.h">
      <Filter>header</Filter>
    </ClInclude>
    <ClInclude Include="..\..\generated_files\android.hardware.bluetooth.audio-V5-ndk\aidl\android\hardware\bluetooth\audio\SbcCapabilities.h">
      <Filter>header</Filter>
    </ClInclude>
    <ClInclude Include="..\..\generated_files\android.hardware.bluetooth.audio-V5-ndk\aidl\android\hardware\bluetooth\audio\SbcChannelMode.h">
      <Filter>header</Filter>
    </ClInclude>
    <ClInclude Include="..\..\generated_files\android.hardware.bluetooth.audio-V5-ndk\aidl\android\hardware\bluetooth\audio\SbcConfiguration.h">
      <Filter>header</Filter>
    </ClInclude>
    <ClInclude Include="..\..\generated_files\android.hardware.bluetooth.audio-V5-ndk\aidl\android\hardware\bluetooth\audio\SessionType.h">
      <Filter>header</Filter>
    </ClInclude>
    <ClInclude Include="..\..\generated_files\android.hardware.bluetooth.audio-V5-ndk\aidl\android\hardware\bluetooth\audio\UnicastCapability.h">
      <Filter>header</Filter>
    </ClInclude>
    <ClInclude Include="..\..\generated_files\android.hardware.bluetooth.audio-V5-ndk\aidl\android\hardware\bluetooth\audio\ANDROIDHARDWAREBLUETOOTHAUDIOV5NDK_EXPORTS.h">
      <Filter>header</Filter>
    </ClInclude>
  </ItemGroup>
</Project>