<?xml version="1.0" encoding="utf-8"?>
<Project ToolsVersion="4.0" xmlns="http://schemas.microsoft.com/developer/msbuild/2003">
  <ItemGroup>
    <Filter Include="源文件">
      <UniqueIdentifier>{4FC737F1-C7A5-4376-A066-2A32D752A2FF}</UniqueIdentifier>
      <Extensions>cpp;c;cc;cxx;c++;cppm;ixx;def;odl;idl;hpj;bat;asm;asmx</Extensions>
    </Filter>
    <Filter Include="头文件">
      <UniqueIdentifier>{93995380-89BD-4b04-88EB-625FBE52EBFB}</UniqueIdentifier>
      <Extensions>h;hh;hpp;hxx;h++;hm;inl;inc;ipp;xsd</Extensions>
    </Filter>
    <Filter Include="资源文件">
      <UniqueIdentifier>{67DA6AB6-F800-4c08-8B7A-83BB121AAD01}</UniqueIdentifier>
      <Extensions>rc;ico;cur;bmp;dlg;rc2;rct;bin;rgs;gif;jpg;jpeg;jpe;resx;tiff;tif;png;wav;mfcribbon-ms</Extensions>
    </Filter>
    <Filter Include="generated_files">
      <UniqueIdentifier>{ec56e946-8324-45f3-94bf-008821de386c}</UniqueIdentifier>
    </Filter>
    <Filter Include="generated_files\aidl">
      <UniqueIdentifier>{46340c70-6375-4954-a6be-a2e213c2399a}</UniqueIdentifier>
    </Filter>
  </ItemGroup>
  <ItemGroup>
    <ClCompile Include="dllmain.cpp">
      <Filter>源文件</Filter>
    </ClCompile>
    <ClCompile Include="..\..\libfmq\EventFlag.cpp">
      <Filter>源文件</Filter>
    </ClCompile>
    <ClCompile Include="..\..\libfmq\FmqInternal.cpp">
      <Filter>源文件</Filter>
    </ClCompile>
    <ClCompile Include="..\..\libfmq\system_porting.cpp">
      <Filter>源文件</Filter>
    </ClCompile>
    <ClCompile Include="..\..\libfmq\generated_files\android\hardware\common\fmq\GrantorDescriptor.cpp">
      <Filter>generated_files</Filter>
    </ClCompile>
    <ClCompile Include="..\..\libfmq\generated_files\include\aidl\android\hardware\common\Ashmem.cpp">
      <Filter>generated_files\aidl</Filter>
    </ClCompile>
    <ClCompile Include="..\..\libfmq\generated_files\include\aidl\android\hardware\common\MappableFile.cpp">
      <Filter>generated_files\aidl</Filter>
    </ClCompile>
    <ClCompile Include="..\..\libfmq\generated_files\include\aidl\android\hardware\common\NativeHandle.cpp">
      <Filter>generated_files\aidl</Filter>
    </ClCompile>
  </ItemGroup>
  <ItemGroup>
    <ClInclude Include="..\..\libfmq\include\fmq\AidlMessageQueue.h">
      <Filter>头文件</Filter>
    </ClInclude>
    <ClInclude Include="..\..\libfmq\include\fmq\AidlMQDescriptorShim.h">
      <Filter>头文件</Filter>
    </ClInclude>
    <ClInclude Include="..\..\libfmq\include\fmq\ConvertMQDescriptors.h">
      <Filter>头文件</Filter>
    </ClInclude>
    <ClInclude Include="..\..\libfmq\include\fmq\EventFlag.h">
      <Filter>头文件</Filter>
    </ClInclude>
    <ClInclude Include="..\..\libfmq\include\fmq\MessageQueue.h">
      <Filter>头文件</Filter>
    </ClInclude>
    <ClInclude Include="..\..\libfmq\include\fmq\MessageQueueBase.h">
      <Filter>头文件</Filter>
    </ClInclude>
    <ClInclude Include="..\..\libfmq\include\fmq\fmq_export.h">
      <Filter>头文件</Filter>
    </ClInclude>
    <ClInclude Include="..\..\libfmq\base\fmq\MQDescriptorBase.h">
      <Filter>头文件</Filter>
    </ClInclude>
    <ClInclude Include="..\..\libfmq\generated_files\include\aidl\android\hardware\common\fmq\GrantorDescriptor.h">
      <Filter>头文件</Filter>
    </ClInclude>
    <ClInclude Include="..\..\libfmq\generated_files\include\aidl\android\hardware\common\fmq\MQDescriptor.h">
      <Filter>头文件</Filter>
    </ClInclude>
    <ClInclude Include="..\..\libfmq\generated_files\include\aidl\android\hardware\common\fmq\SynchronizedReadWrite.h">
      <Filter>头文件</Filter>
    </ClInclude>
    <ClInclude Include="..\..\libfmq\generated_files\include\aidl\android\hardware\common\fmq\UnsynchronizedWrite.h">
      <Filter>头文件</Filter>
    </ClInclude>
    <ClInclude Include="..\..\libfmq\include\fmq\system_porting.h">
      <Filter>头文件</Filter>
    </ClInclude>
    <ClInclude Include="..\..\libfmq\generated_files\include\aidl\android\hardware\common\Ashmem.h">
      <Filter>generated_files\aidl</Filter>
    </ClInclude>
    <ClInclude Include="..\..\libfmq\generated_files\include\aidl\android\hardware\common\MappableFile.h">
      <Filter>generated_files\aidl</Filter>
    </ClInclude>
    <ClInclude Include="..\..\libfmq\generated_files\include\aidl\android\hardware\common\NativeHandle.h">
      <Filter>generated_files\aidl</Filter>
    </ClInclude>
  </ItemGroup>
</Project>